
Microsoft Visual Studio Solution File, Format Version 12.00
# Visual Studio Version 17
VisualStudioVersion = 17.5.33414.496
MinimumVisualStudioVersion = 10.0.40219.1
Project("{FAE04EC0-301F-11D3-BF4B-00C04F79EFBC}") = "CrudUbicaciones_RERS", "CrudUbicaciones_RERS.csproj", "{95105EF7-7D78-4DCC-B83F-4122A882E29E}"
EndProject
Global
	GlobalSection(SolutionConfigurationPlatforms) = preSolution
		Debug|Any CPU = Debug|Any CPU
		Release|Any CPU = Release|Any CPU
	EndGlobalSection
	GlobalSection(ProjectConfigurationPlatforms) = postSolution
		{95105EF7-7D78-4DCC-B83F-4122A882E29E}.Debug|Any CPU.ActiveCfg = Debug|Any CPU
		{95105EF7-7D78-4DCC-B83F-4122A882E29E}.Debug|Any CPU.Build.0 = Debug|Any CPU
		{95105EF7-7D78-4DCC-B83F-4122A882E29E}.Release|Any CPU.ActiveCfg = Release|Any CPU
		{95105EF7-7D78-4DCC-B83F-4122A882E29E}.Release|Any CPU.Build.0 = Release|Any CPU
	EndGlobalSection
	GlobalSection(SolutionProperties) = preSolution
		HideSolutionNode = FALSE
	EndGlobalSection
	GlobalSection(ExtensibilityGlobals) = postSolution
		SolutionGuid = {AC2B5031-878E-46E6-A43A-39CA51D9F057}
	EndGlobalSection
EndGlobal
